dependencies:
- name: postgres
  repository: oci://registry-1.docker.io/cloudpirates
  version: 0.19.0
- name: valkey
  repository: https://valkey.io/valkey-helm/
  version: 0.9.4
digest: sha256:86940288788bed8687a910216acda79e261fdb05883a9b693ec474be4aa03546
generated: "2026-04-12T17:45:34.725195197Z"
