dependencies:
- name: postgres
  repository: oci://registry-1.docker.io/cloudpirates
  version: 0.20.5
- name: valkey
  repository: https://valkey.io/valkey-helm/
  version: 0.11.0
digest: sha256:fdf946c2f92869700e26aaea9d63884e71e8100b77bd4bdec90a496410963276
generated: "2026-09-08T11:58:11.67561588Z"
